github.com/godbus/dbus v4.1.0+incompatible h1:WqqLRTsQic3apZUK9qC5sGNfXthmPXzUZ7nQPrNITa4=
github.com/godbus/dbus/v5 v5.0.2/go.mod h1:xhWf0FNVPg57R7Z0UbKHbJfkEywrmjJnf7w5xrFpKfA=
github.com/godbus/dbus/v5 v5.0.3 h1:ZqHaoEF7TBzh4jzPmqVhE/5A1z9of6orkAe5uHoAeME=
github.com/godbus/dbus/v5 v5.0.3/go.mod h1:xhWf0FNVPg57R7Z0UbKHbJfkEywrmjJnf7w5xrFpKfA=
github.com/holoplot/go-avahi v0.0.0-20200228151633-f16a248ee359 h1:ekMk+XMDQeU6+atEaXOCCWJDWXf1QsavGuvtWaL5+sE=
github.com/holoplot/go-avahi v0.0.0-20200228151633-f16a248ee359/go.mod h1:UVLO1hQkLAXpZDWt2qnPuHxGRZf8Yrh2fd2J44b+dxM=
